// !$*UTF8*$!
{
	archiveVersion = 1;
	classes = {
	};
	objectVersion = 46;
	objects = {

/* Begin PBXFileReference section */
		27CB37ED1A66411800B8680C /* PoppinBottles.playground */ = {isa = PBXFileReference; lastKnownFileType = file.playground; path = PoppinBottles.playground; sourceTree = "<group>"; };
		27CB37EE1A66413700B8680C /* Scratchpad.playground */ = {isa = PBXFileReference; lastKnownFileType = file.playground; path = Scratchpad.playground; sourceTree = "<group>"; };
/* End PBXFileReference section */

/* Begin PBXGroup section */
		27CB37E61A66410A00B8680C = {
			isa = PBXGroup;
			children = (
				27CB37EE1A66413700B8680C /* Scratchpad.playground */,
				27CB37ED1A66411800B8680C /* PoppinBottles.playground */,
			);
			sourceTree = "<group>";
		};
/* End PBXGroup section */

/* Begin PBXProject section */
		27CB37E71A66410A00B8680C /* Project object */ = {
			isa = PBXProject;
			attributes = {
				LastUpgradeCheck = 0610;
			};
			buildConfigurationList = 27CB37EA1A66410A00B8680C /* Build configuration list for PBXProject "PoppinBottles" */;
			compatibilityVersion = "Xcode 3.2";
			developmentRegion = English;
			hasScannedForEncodings = 0;
			knownRegions = (
				en,
			);
			mainGroup = 27CB37E61A66410A00B8680C;
			projectDirPath = "";
			projectRoot = "";
			targets = (
			);
		};
/* End PBXProject section */

/* Begin XCBuildConfiguration section */
		27CB37EB1A66410A00B8680C /* Debug */ = {
			isa = XCBuildConfiguration;
			buildSettings = {
			};
			name = Debug;
		};
		27CB37EC1A66410A00B8680C /* Release */ = {
			isa = XCBuildConfiguration;
			buildSettings = {
			};
			name = Release;
		};
/* End XCBuildConfiguration section */

/* Begin XCConfigurationList section */
		27CB37EA1A66410A00B8680C /* Build configuration list for PBXProject "PoppinBottles" */ = {
			isa = XCConfigurationList;
			buildConfigurations = (
				27CB37EB1A66410A00B8680C /* Debug */,
				27CB37EC1A66410A00B8680C /* Release */,
			);
			defaultConfigurationIsVisible = 0;
			defaultConfigurationName = Release;
		};
/* End XCConfigurationList section */
	};
	rootObject = 27CB37E71A66410A00B8680C /* Project object */;
}
